
Microsoft Visual Studio Solution File, Format Version 12.00
# Visual Studio Version 17
VisualStudioVersion = 17.9.34902.65
MinimumVisualStudioVersion = 10.0.40219.1
Project("{9A19103F-16F7-4668-BE54-9A1E7A4F7556}") = "DemoProject2", "DemoProject2\DemoProject2.csproj", "{4C89C9F3-0D15-4D9A-B3E0-F4C9CB5ED07C}"
EndProject
Project("{9A19103F-16F7-4668-BE54-9A1E7A4F7556}") = "WebDriverHelper", "WebDriverHelper\WebDriverHelper.csproj", "{A72E18FF-D227-4786-9267-EF1CCFAE9521}"
EndProject
Project("{9A19103F-16F7-4668-BE54-9A1E7A4F7556}") = "TestFrameworkCore", "TestFrameworkCore\TestFrameworkCore.csproj", "{C20125AA-DEAC-4F37-9FD6-5F558A275A47}"
EndProject
Project("{9A19103F-16F7-4668-BE54-9A1E7A4F7556}") = "DemoAlertFrame", "DemoAlertFrame\DemoAlertFrame.csproj", "{380450AB-C383-4AC6-93FF-20AB03C17FDD}"
EndProject
Project("{FAE04EC0-301F-11D3-BF4B-00C04F79EFBC}") = "APITesting", "APITesting\APITesting.csproj", "{71FA537A-D2DB-4B6C-B2BC-1AF476B7AB66}"
EndProject
Global
	GlobalSection(SolutionConfigurationPlatforms) = preSolution
		Debug|Any CPU = Debug|Any CPU
		Release|Any CPU = Release|Any CPU
	EndGlobalSection
	GlobalSection(ProjectConfigurationPlatforms) = postSolution
		{4C89C9F3-0D15-4D9A-B3E0-F4C9CB5ED07C}.Debug|Any CPU.ActiveCfg = Debug|Any CPU
		{4C89C9F3-0D15-4D9A-B3E0-F4C9CB5ED07C}.Debug|Any CPU.Build.0 = Debug|Any CPU
		{4C89C9F3-0D15-4D9A-B3E0-F4C9CB5ED07C}.Release|Any CPU.ActiveCfg = Release|Any CPU
		{4C89C9F3-0D15-4D9A-B3E0-F4C9CB5ED07C}.Release|Any CPU.Build.0 = Release|Any CPU
		{A72E18FF-D227-4786-9267-EF1CCFAE9521}.Debug|Any CPU.ActiveCfg = Debug|Any CPU
		{A72E18FF-D227-4786-9267-EF1CCFAE9521}.Debug|Any CPU.Build.0 = Debug|Any CPU
		{A72E18FF-D227-4786-9267-EF1CCFAE9521}.Release|Any CPU.ActiveCfg = Release|Any CPU
		{A72E18FF-D227-4786-9267-EF1CCFAE9521}.Release|Any CPU.Build.0 = Release|Any CPU
		{C20125AA-DEAC-4F37-9FD6-5F558A275A47}.Debug|Any CPU.ActiveCfg = Debug|Any CPU
		{C20125AA-DEAC-4F37-9FD6-5F558A275A47}.Debug|Any CPU.Build.0 = Debug|Any CPU
		{C20125AA-DEAC-4F37-9FD6-5F558A275A47}.Release|Any CPU.ActiveCfg = Release|Any CPU
		{C20125AA-DEAC-4F37-9FD6-5F558A275A47}.Release|Any CPU.Build.0 = Release|Any CPU
		{380450AB-C383-4AC6-93FF-20AB03C17FDD}.Debug|Any CPU.ActiveCfg = Debug|Any CPU
		{380450AB-C383-4AC6-93FF-20AB03C17FDD}.Debug|Any CPU.Build.0 = Debug|Any CPU
		{380450AB-C383-4AC6-93FF-20AB03C17FDD}.Release|Any CPU.ActiveCfg = Release|Any CPU
		{380450AB-C383-4AC6-93FF-20AB03C17FDD}.Release|Any CPU.Build.0 = Release|Any CPU
		{71FA537A-D2DB-4B6C-B2BC-1AF476B7AB66}.Debug|Any CPU.ActiveCfg = Debug|Any CPU
		{71FA537A-D2DB-4B6C-B2BC-1AF476B7AB66}.Debug|Any CPU.Build.0 = Debug|Any CPU
		{71FA537A-D2DB-4B6C-B2BC-1AF476B7AB66}.Release|Any CPU.ActiveCfg = Release|Any CPU
		{71FA537A-D2DB-4B6C-B2BC-1AF476B7AB66}.Release|Any CPU.Build.0 = Release|Any CPU
	EndGlobalSection
	GlobalSection(SolutionProperties) = preSolution
		HideSolutionNode = FALSE
	EndGlobalSection
	GlobalSection(ExtensibilityGlobals) = postSolution
		SolutionGuid = {89A8718E-8259-4487-8256-51FE8F579E28}
	EndGlobalSection
EndGlobal
